{
  "nodes": {
    "nixpkgs": {
      "locked": {
        "lastModified": 1641235261,
        "narHash": "sha256-1dklOoE5gisCcvRBTBDrCBgcbHQ5kEcaTpldoismE5c=",
        "owner": "nixos",
        "repo": "nixpkgs",
        "rev": "b84d1588669240bf6c70b7974efadad3105ecc42",
        "type": "github"
      },
      "original": {
        "owner": "nixos",
        "ref": "master",
        "repo": "nixpkgs",
        "type": "github"
      }
    },
    "root": {
      "inputs": {
        "nixpkgs": "nixpkgs",
        "tauri-nix-mac-repo": "tauri-nix-mac-repo"
      }
    },
    "tauri-nix-mac-repo": {
      "flake": false,
      "locked": {
        "narHash": "sha256-rU9B5moHRqndtRuwnl7yZ8627JY9z6VVSFoZqgltzAM=",
        "path": "/nix/store/p7ca0dizq30bzkjaqrk2rspdvh3ywp6i-source/app/src-tauri",
        "type": "path"
      },
      "original": {
        "path": "/nix/store/p7ca0dizq30bzkjaqrk2rspdvh3ywp6i-source/app/src-tauri",
        "type": "path"
      }
    }
  },
  "root": "root",
  "version": 7
}
