{
  "nodes": {
    "nixpkgs": {
      "locked": {
        "lastModified": 1641285291,
        "narHash": "sha256-KYaOBNGar3XWTxTsYPr9P6u74KAqNq0wobEC236U+0c=",
        "owner": "nixos",
        "repo": "nixpkgs",
        "rev": "0432195a4b8d68faaa7d3d4b355260a3120aeeae",
        "type": "github"
      },
      "original": {
        "owner": "nixos",
        "ref": "master",
        "repo": "nixpkgs",
        "type": "github"
      }
    },
    "root": {
      "inputs": {
        "nixpkgs": "nixpkgs",
        "tauri-nix-mac-repo": "tauri-nix-mac-repo"
      }
    },
    "tauri-nix-mac-repo": {
      "flake": false,
      "locked": {
        "narHash": "sha256-rU9B5moHRqndtRuwnl7yZ8627JY9z6VVSFoZqgltzAM=",
        "path": "/nix/store/wks1672a2yxpcj3ymrc10byfzml1zi9m-source/app/src-tauri",
        "type": "path"
      },
      "original": {
        "path": "/nix/store/wks1672a2yxpcj3ymrc10byfzml1zi9m-source/app/src-tauri",
        "type": "path"
      }
    }
  },
  "root": "root",
  "version": 7
}
